
Microsoft Visual Studio Solution File, Format Version 12.00
# Visual Studio 15
VisualStudioVersion = 15.0.28307.421
MinimumVisualStudioVersion = 10.0.40219.1
Project("{FAE04EC0-301F-11D3-BF4B-00C04F79EFBC}") = "Visual Editor", "Visual Editor\Visual Editor.csproj", "{99834482-B0A9-44BE-B53B-08A3E287A4D0}"
EndProject
Global
	GlobalSection(SolutionConfigurationPlatforms) = preSolution
		Debug|Any CPU = Debug|Any CPU
		Release|Any CPU = Release|Any CPU
	EndGlobalSection
	GlobalSection(ProjectConfigurationPlatforms) = postSolution
		{99834482-B0A9-44BE-B53B-08A3E287A4D0}.Debug|Any CPU.ActiveCfg = Debug|Any CPU
		{99834482-B0A9-44BE-B53B-08A3E287A4D0}.Debug|Any CPU.Build.0 = Debug|Any CPU
		{99834482-B0A9-44BE-B53B-08A3E287A4D0}.Release|Any CPU.ActiveCfg = Release|Any CPU
		{99834482-B0A9-44BE-B53B-08A3E287A4D0}.Release|Any CPU.Build.0 = Release|Any CPU
	EndGlobalSection
	GlobalSection(SolutionProperties) = preSolution
		HideSolutionNode = FALSE
	EndGlobalSection
	GlobalSection(ExtensibilityGlobals) = postSolution
		SolutionGuid = {E0185A05-A033-46AC-B311-EB0B41B330D1}
	EndGlobalSection
EndGlobal
